version = 1
revision = 1
requires-python = ">=3.7.9"

[[package]]
name = "astroid"
version = "1.5.3"
source = { registry = "https://pypi.org/simple" }
dependencies = [
    { name = "lazy-object-proxy" },
    { name = "six" },
    { name = "wrapt" },
]
sdist = { url = "https://files.pythonhosted.org/packages/d7/b7/112288f75293d6f12b1e41bac1e822fd0f29b0f88e2c4378cdd295b9d838/astroid-1.5.3.tar.gz", hash = "sha256:492c2a2044adbf6a84a671b7522e9295ad2f6a7c781b899014308db25312dd35", size = 240617 }
wheels = [
    { url = "https://files.pythonhosted.org/packages/9a/a7/d8155abf1c58457f1c65a20208ff128ec403d810dd55c40a39047f1bbddd/astroid-1.5.3-py2.py3-none-any.whl", hash = "sha256:39a21dd2b5d81a6731dc0ac2884fa419532dffd465cdd43ea6c168d36b76efb3", size = 269365 },
]

[[package]]
name = "certifi"
version = "2016.2.28"
source = { registry = "https://pypi.org/simple" }
sdist = { url = "https://files.pythonhosted.org/packages/5c/f8/f6c54727c74579c6bbe5926f5deb9677c5810a33e11da58d1a4e2d09d041/certifi-2016.2.28.tar.gz", hash = "sha256:5e8eccf95924658c97b990b50552addb64f55e1e3dfe4880456ac1f287dc79d0", size = 364036 }
wheels = [
    { url = "https://files.pythonhosted.org/packages/db/60/1ed0106bde7b14b363b15b17cc308aad93ba57d3582570f3ad7180ae0fae/certifi-2016.2.28-py2.py3-none-any.whl", hash = "sha256:75c33d546e0a732a4606749cbadcd81929f30d8b814061ca93cde49933dbb860", size = 366879 },
]

[[package]]
name = "colorama"
version = "0.4.6"
source = { registry = "https://pypi.org/simple" }
sdist = { url = "https://files.pythonhosted.org/packages/d8/53/6f443c9a4a8358a93a6792e2acffb9d9d5cb0a5cfd8802644b7b1c9a02e4/colorama-0.4.6.tar.gz", hash = "sha256:08695f5cb7ed6e0531a20572697297273c47b8cae5a63ffc6d6ed5c201be6e44", size = 27697 }
wheels = [
    { url = "https://files.pythonhosted.org/packages/d1/d6/3965ed04c63042e047cb6a3e6ed1a63a35087b6a609aa3a15ed8ac56c221/colorama-0.4.6-py2.py3-none-any.whl", hash = "sha256:4f1d9991f5acc0ca119f9d443620b77f9d6b33703e51011c16baf57afb285fc6", size = 25335 },
]

[[package]]
name = "cykit"
version = "0.1.0"
source = { virtual = "." }
dependencies = [
    { name = "astroid" },
    { name = "certifi" },
    { name = "isort" },
    { name = "lazy-object-proxy" },
    { name = "pip" },
    { name = "pylint" },
    { name = "setuptools" },
    { name = "singledispatch" },
    { name = "six" },
    { name = "wheel" },
    { name = "wincertstore" },
    { name = "wrapt" },
]

[package.metadata]
requires-dist = [
    { name = "astroid", specifier = "==1.5.3" },
    { name = "certifi", specifier = "==2016.2.28" },
    { name = "isort", specifier = "==4.2.15" },
    { name = "lazy-object-proxy", specifier = "==1.3.1" },
    { name = "pip", specifier = "==9.0.1" },
    { name = "pylint", specifier = "==1.7.2" },
    { name = "setuptools", specifier = "==36.4.0" },
    { name = "singledispatch", specifier = "==3.4.0.3" },
    { name = "six", specifier = "==1.10.0" },
    { name = "wheel", specifier = "==0.29.0" },
    { name = "wincertstore", specifier = "==0.2" },
    { name = "wrapt", specifier = "==1.10.11" },
]

[[package]]
name = "isort"
version = "4.2.15"
source = { registry = "https://pypi.org/simple" }
sdist = { url = "https://files.pythonhosted.org/packages/4d/d5/7c8657126a43bcd3b0173e880407f48be4ac91b4957b51303eab744824cf/isort-4.2.15.tar.gz", hash = "sha256:79f46172d3a4e2e53e7016e663cc7a8b538bec525c36675fcfd2767df30b3983", size = 56740 }
wheels = [
    { url = "https://files.pythonhosted.org/packages/a9/83/ca1c7737c9a43a3e5bd2b9954add88700267801415310395d4191e5ff8e3/isort-4.2.15-py2.py3-none-any.whl", hash = "sha256:cd5d3fc2c16006b567a17193edf4ed9830d9454cbeb5a42ac80b36ea00c23db4", size = 43544 },
]

[[package]]
name = "lazy-object-proxy"
version = "1.3.1"
source = { registry = "https://pypi.org/simple" }
sdist = { url = "https://files.pythonhosted.org/packages/55/08/23c0753599bdec1aec273e322f277c4e875150325f565017f6280549f554/lazy-object-proxy-1.3.1.tar.gz", hash = "sha256:eb91be369f945f10d3a49f5f9be8b3d0b93a4c2be8f8a5b83b0571b8123e0a7a", size = 32237 }

[[package]]
name = "mccabe"
version = "0.7.0"
source = { registry = "https://pypi.org/simple" }
sdist = { url = "https://files.pythonhosted.org/packages/e7/ff/0ffefdcac38932a54d2b5eed4e0ba8a408f215002cd178ad1df0f2806ff8/mccabe-0.7.0.tar.gz", hash = "sha256:348e0240c33b60bbdf4e523192ef919f28cb2c3d7d5c7794f74009290f236325", size = 9658 }
wheels = [
    { url = "https://files.pythonhosted.org/packages/27/1a/1f68f9ba0c207934b35b86a8ca3aad8395a3d6dd7921c0686e23853ff5a9/mccabe-0.7.0-py2.py3-none-any.whl", hash = "sha256:6c2d30ab6be0e4a46919781807b4f0d834ebdd6c6e3dca0bda5a15f863427b6e", size = 7350 },
]

[[package]]
name = "pip"
version = "9.0.1"
source = { registry = "https://pypi.org/simple" }
sdist = { url = "https://files.pythonhosted.org/packages/11/b6/abcb525026a4be042b486df43905d6893fb04f05aac21c32c638e939e447/pip-9.0.1.tar.gz", hash = "sha256:09f243e1a7b461f654c26a725fa373211bb7ff17a9300058b205c61658ca940d", size = 1197370 }
wheels = [
    { url = "https://files.pythonhosted.org/packages/b6/ac/7015eb97dc749283ffdec1c3a88ddb8ae03b8fad0f0e611408f196358da3/pip-9.0.1-py2.py3-none-any.whl", hash = "sha256:690b762c0a8460c303c089d5d0be034fb15a5ea2b75bdf565f40421f542fefb0", size = 1254803 },
]

[[package]]
name = "pylint"
version = "1.7.2"
source = { registry = "https://pypi.org/simple" }
dependencies = [
    { name = "astroid" },
    { name = "colorama", marker = "sys_platform == 'win32'" },
    { name = "isort" },
    { name = "mccabe" },
    { name = "six" },
]
sdist = { url = "https://files.pythonhosted.org/packages/0d/6b/31d4a60fad9f040da6e47a93458f69f41cd9c7367a68b596fa116ca6ed0f/pylint-1.7.2.tar.gz", hash = "sha256:ea6afb93a9ed810cf52ff3838eb3a15e2bf6a81b80de0eaede1ce442caa5ca69", size = 488628 }
wheels = [
    { url = "https://files.pythonhosted.org/packages/4f/9c/a73e0da981a39768cfaff54c0d46588a9284bd25146e24d479aa82c7c7ad/pylint-1.7.2-py2.py3-none-any.whl", hash = "sha256:c7a3ee11db42d00334671b778f042793c837b73f5883132158284b7dbd6f8184", size = 644105 },
]

[[package]]
name = "setuptools"
version = "36.4.0"
source = { registry = "https://pypi.org/simple" }
sdist = { url = "https://files.pythonhosted.org/packages/28/4f/889339f38da415e49cff15b21ab27becbf4c017c79fbfdeca663f5b33b36/setuptools-36.4.0.zip", hash = "sha256:2758b0270fe8ceec42f336ee5b411e60dc8579febc27bb3ba9b794dc7f0239ae", size = 720462 }
wheels = [
    { url = "https://files.pythonhosted.org/packages/1b/95/e6f28144fdb6c06186c1f0e70cea02791e6ec787682bdfc437ce69b8186c/setuptools-36.4.0-py2.py3-none-any.whl", hash = "sha256:4d54c0bfee283e78609169213f9c075827d5837086f58b588b417b093c23464b", size = 478177 },
]

[[package]]
name = "singledispatch"
version = "3.4.0.3"
source = { registry = "https://pypi.org/simple" }
dependencies = [
    { name = "six" },
]
sdist = { url = "https://files.pythonhosted.org/packages/d9/e9/513ad8dc17210db12cb14f2d4d190d618fb87dd38814203ea71c87ba5b68/singledispatch-3.4.0.3.tar.gz", hash = "sha256:5b06af87df13818d14f08a028e42f566640aef80805c3b50c5056b086e3c2b9c", size = 9529 }
wheels = [
    { url = "https://files.pythonhosted.org/packages/c5/10/369f50bcd4621b263927b0a1519987a04383d4a98fb10438042ad410cf88/singledispatch-3.4.0.3-py2.py3-none-any.whl", hash = "sha256:833b46966687b3de7f438c761ac475213e53b306740f1abfaa86e1d1aae56aa8", size = 12897 },
]

[[package]]
name = "six"
version = "1.10.0"
source = { registry = "https://pypi.org/simple" }
sdist = { url = "https://files.pythonhosted.org/packages/b3/b2/238e2590826bfdd113244a40d9d3eb26918bd798fc187e2360a8367068db/six-1.10.0.tar.gz", hash = "sha256:105f8d68616f8248e24bf0e9372ef04d3cc10104f1980f54d57b2ce73a5ad56a", size = 29630 }
wheels = [
    { url = "https://files.pythonhosted.org/packages/c8/0a/b6723e1bc4c516cb687841499455a8505b44607ab535be01091c0f24f079/six-1.10.0-py2.py3-none-any.whl", hash = "sha256:0ff78c403d9bccf5a425a6d31a12aa6b47f1c21ca4dc2573a7e2f32a97335eb1", size = 10341 },
]

[[package]]
name = "wheel"
version = "0.29.0"
source = { registry = "https://pypi.org/simple" }
sdist = { url = "https://files.pythonhosted.org/packages/c9/1d/bd19e691fd4cfe908c76c429fe6e4436c9e83583c4414b54f6c85471954a/wheel-0.29.0.tar.gz", hash = "sha256:1ebb8ad7e26b448e9caa4773d2357849bf80ff9e313964bcaf79cbf0201a1648", size = 54143 }
wheels = [
    { url = "https://files.pythonhosted.org/packages/8a/e9/8468cd68b582b06ef554be0b96b59f59779627131aad48f8a5bce4b13450/wheel-0.29.0-py2.py3-none-any.whl", hash = "sha256:ea8033fc9905804e652f75474d33410a07404c1a78dd3c949a66863bd1050ebd", size = 66878 },
]

[[package]]
name = "wincertstore"
version = "0.2"
source = { registry = "https://pypi.org/simple" }
sdist = { url = "https://files.pythonhosted.org/packages/df/e1/765f9abdd57610b1c6251e4853edddcac60f929cf6c9029200887dde0f9e/wincertstore-0.2.zip", hash = "sha256:780bd1557c9185c15d9f4221ea7f905cb20b93f7151ca8ccaed9714dce4b327a", size = 14996 }
wheels = [
    { url = "https://files.pythonhosted.org/packages/d1/67/12f477fa1cc8cbcdc78027c9fb0933ad41daf2e95a29d1cc8f34fe80c692/wincertstore-0.2-py2.py3-none-any.whl", hash = "sha256:22d5eebb52df88a8d4014d5cf6d1b6c3a5d469e6c3b2e2854f3a003e48872356", size = 8800 },
]

[[package]]
name = "wrapt"
version = "1.10.11"
source = { registry = "https://pypi.org/simple" }
sdist = { url = "https://files.pythonhosted.org/packages/a0/47/66897906448185fcb77fc3c2b1bc20ed0ecca81a0f2f88eda3fc5a34fc3d/wrapt-1.10.11.tar.gz", hash = "sha256:d4d560d479f2c21e1b5443bbd15fe7ec4b37fe7e53d335d3b9b0a7b1226fe3c6", size = 27402 }
